
Microsoft Visual Studio Solution File, Format Version 12.00
# Visual Studio Version 17
VisualStudioVersion = 17.1.32328.378
MinimumVisualStudioVersion = 10.0.40219.1
Project("{FAE04EC0-301F-11D3-BF4B-00C04F79EFBC}") = "backend", "backend\backend.csproj", "{71F8DBE7-7DD8-443F-B154-E4EB836F1F2E}"
EndProject
Global
	GlobalSection(SolutionConfigurationPlatforms) = preSolution
		Debug|Any CPU = Debug|Any CPU
		Release|Any CPU = Release|Any CPU
	EndGlobalSection
	GlobalSection(ProjectConfigurationPlatforms) = postSolution
		{71F8DBE7-7DD8-443F-B154-E4EB836F1F2E}.Debug|Any CPU.ActiveCfg = Debug|Any CPU
		{71F8DBE7-7DD8-443F-B154-E4EB836F1F2E}.Debug|Any CPU.Build.0 = Debug|Any CPU
		{71F8DBE7-7DD8-443F-B154-E4EB836F1F2E}.Release|Any CPU.ActiveCfg = Release|Any CPU
		{71F8DBE7-7DD8-443F-B154-E4EB836F1F2E}.Release|Any CPU.Build.0 = Release|Any CPU
	EndGlobalSection
	GlobalSection(SolutionProperties) = preSolution
		HideSolutionNode = FALSE
	EndGlobalSection
	GlobalSection(ExtensibilityGlobals) = postSolution
		SolutionGuid = {A17DAC8D-0C32-4F20-871B-31534979DF33}
	EndGlobalSection
EndGlobal
